// !$*UTF8*$!
{
	archiveVersion = 1;
	classes = {
	};
	objectVersion = 51;
	objects = {

/* Begin PBXBuildFile section */
		CD76010622E13CAD00545447 /* CategoryViewController.swift in Sources */ = {isa = PBXBuildFile; fileRef = CD76010522E13CAD00545447 /* CategoryViewController.swift */; };
		CD891EFF22E68FAF0077A3C7 /* Category.swift in Sources */ = {isa = PBXBuildFile; fileRef = CD891EFE22E68FAF0077A3C7 /* Category.swift */; };
		CD891F0322E6900F0077A3C7 /* Item.swift in Sources */ = {isa = PBXBuildFile; fileRef = CD891F0222E6900F0077A3C7 /* Item.swift */; };
		CD8F1B4722DD5A2E0067C5F3 /* AppDelegate.swift in Sources */ = {isa = PBXBuildFile; fileRef = CD8F1B4622DD5A2E0067C5F3 /* AppDelegate.swift */; };
		CD8F1B4922DD5A2E0067C5F3 /* TodoListViewController.swift in Sources */ = {isa = PBXBuildFile; fileRef = CD8F1B4822DD5A2E0067C5F3 /* TodoListViewController.swift */; };
		CD8F1B4C22DD5A2E0067C5F3 /* Main.storyboard in Resources */ = {isa = PBXBuildFile; fileRef = CD8F1B4A22DD5A2E0067C5F3 /* Main.storyboard */; };
		CD8F1B4E22DD5A2F0067C5F3 /* Assets.xcassets in Resources */ = {isa = PBXBuildFile; fileRef = CD8F1B4D22DD5A2F0067C5F3 /* Assets.xcassets */; };
		CD8F1B5122DD5A2F0067C5F3 /* LaunchScreen.storyboard in Resources */ = {isa = PBXBuildFile; fileRef = CD8F1B4F22DD5A2F0067C5F3 /* LaunchScreen.storyboard */; };
		CD95551722E937F9008F207B /* SwipeTableViewController.swift in Sources */ = {isa = PBXBuildFile; fileRef = CD95551622E937F9008F207B /* SwipeTableViewController.swift */; };
		DF913FE1A8EC068B1F235866 /* Pods_Todoey.framework in Frameworks */ = {isa = PBXBuildFile; fileRef = 38AC5E8FDD6496C04437923B /* Pods_Todoey.framework */; };
/* End PBXBuildFile section */

/* Begin PBXFileReference section */
		38AC5E8FDD6496C04437923B /* Pods_Todoey.framework */ = {isa = PBXFileReference; explicitFileType = wrapper.framework; includeInIndex = 0; path = Pods_Todoey.framework; sourceTree = BUILT_PRODUCTS_DIR; };
		53E9E35B9C83AA7FD27FBB90 /* Pods-Todoey.debug.xcconfig */ = {isa = PBXFileReference; includeInIndex = 1; lastKnownFileType = text.xcconfig; name = "Pods-Todoey.debug.xcconfig"; path = "Target Support Files/Pods-Todoey/Pods-Todoey.debug.xcconfig"; sourceTree = "<group>"; };
		72C19039418EC364828A157A /* Pods-Todoey.release.xcconfig */ = {isa = PBXFileReference; includeInIndex = 1; lastKnownFileType = text.xcconfig; name = "Pods-Todoey.release.xcconfig"; path = "Target Support Files/Pods-Todoey/Pods-Todoey.release.xcconfig"; sourceTree = "<group>"; };
		CD76010522E13CAD00545447 /* CategoryViewController.swift */ = {isa = PBXFileReference; lastKnownFileType = sourcecode.swift; path = CategoryViewController.swift; sourceTree = "<group>"; };
		CD891EFE22E68FAF0077A3C7 /* Category.swift */ = {isa = PBXFileReference; lastKnownFileType = sourcecode.swift; path = Category.swift; sourceTree = "<group>"; };
		CD891F0222E6900F0077A3C7 /* Item.swift */ = {isa = PBXFileReference; lastKnownFileType = sourcecode.swift; path = Item.swift; sourceTree = "<group>"; };
		CD8F1B4322DD5A2E0067C5F3 /* Todoey.app */ = {isa = PBXFileReference; explicitFileType = wrapper.application; includeInIndex = 0; path = Todoey.app; sourceTree = BUILT_PRODUCTS_DIR; };
		CD8F1B4622DD5A2E0067C5F3 /* AppDelegate.swift */ = {isa = PBXFileReference; lastKnownFileType = sourcecode.swift; path = AppDelegate.swift; sourceTree = "<group>"; };
		CD8F1B4822DD5A2E0067C5F3 /* TodoListViewController.swift */ = {isa = PBXFileReference; lastKnownFileType = sourcecode.swift; path = TodoListViewController.swift; sourceTree = "<group>"; };
		CD8F1B4B22DD5A2E0067C5F3 /* Base */ = {isa = PBXFileReference; lastKnownFileType = file.storyboard; name = Base; path = Base.lproj/Main.storyboard; sourceTree = "<group>"; };
		CD8F1B4D22DD5A2F0067C5F3 /* Assets.xcassets */ = {isa = PBXFileReference; lastKnownFileType = folder.assetcatalog; path = Assets.xcassets; sourceTree = "<group>"; };
		CD8F1B5022DD5A2F0067C5F3 /* Base */ = {isa = PBXFileReference; lastKnownFileType = file.storyboard; name = Base; path = Base.lproj/LaunchScreen.storyboard; sourceTree = "<group>"; };
		CD8F1B5222DD5A2F0067C5F3 /* Info.plist */ = {isa = PBXFileReference; lastKnownFileType = text.plist.xml; path = Info.plist; sourceTree = "<group>"; };
		CD95551622E937F9008F207B /* SwipeTableViewController.swift */ = {isa = PBXFileReference; lastKnownFileType = sourcecode.swift; path = SwipeTableViewController.swift; sourceTree = "<group>"; };
/* End PBXFileReference section */

/* Begin PBXFrameworksBuildPhase section */
		CD8F1B4022DD5A2E0067C5F3 /* Frameworks */ = {
			isa = PBXFrameworksBuildPhase;
			buildActionMask = 2147483647;
			files = (
				DF913FE1A8EC068B1F235866 /* Pods_Todoey.framework in Frameworks */,
			);
			runOnlyForDeploymentPostprocessing = 0;
		};
/* End PBXFrameworksBuildPhase section */

/* Begin PBXGroup section */
		218143F328B66133A328C2FC /* Frameworks */ = {
			isa = PBXGroup;
			children = (
				38AC5E8FDD6496C04437923B /* Pods_Todoey.framework */,
			);
			name = Frameworks;
			sourceTree = "<group>";
		};
		8389BB73B47DBFF32564614E /* Pods */ = {
			isa = PBXGroup;
			children = (
				53E9E35B9C83AA7FD27FBB90 /* Pods-Todoey.debug.xcconfig */,
				72C19039418EC364828A157A /* Pods-Todoey.release.xcconfig */,
			);
			path = Pods;
			sourceTree = "<group>";
		};
		CD8F1B3A22DD5A2E0067C5F3 = {
			isa = PBXGroup;
			children = (
				CD8F1B4522DD5A2E0067C5F3 /* Todoey */,
				CD8F1B4422DD5A2E0067C5F3 /* Products */,
				8389BB73B47DBFF32564614E /* Pods */,
				218143F328B66133A328C2FC /* Frameworks */,
			);
			sourceTree = "<group>";
		};
		CD8F1B4422DD5A2E0067C5F3 /* Products */ = {
			isa = PBXGroup;
			children = (
				CD8F1B4322DD5A2E0067C5F3 /* Todoey.app */,
			);
			name = Products;
			sourceTree = "<group>";
		};
		CD8F1B4522DD5A2E0067C5F3 /* Todoey */ = {
			isa = PBXGroup;
			children = (
				CD8F1B4622DD5A2E0067C5F3 /* AppDelegate.swift */,
				CDC9492822DEA9EC00E25EBD /* Controllers */,
				CDC9492722DEA9CD00E25EBD /* Data Model */,
				CDC9492922DEA9FF00E25EBD /* Views */,
				CDC9492A22DEAA1200E25EBD /* Supporting Files */,
				CD8F1B5222DD5A2F0067C5F3 /* Info.plist */,
			);
			path = Todoey;
			sourceTree = "<group>";
		};
		CDC9492722DEA9CD00E25EBD /* Data Model */ = {
			isa = PBXGroup;
			children = (
				CD891EFE22E68FAF0077A3C7 /* Category.swift */,
				CD891F0222E6900F0077A3C7 /* Item.swift */,
			);
			path = "Data Model";
			sourceTree = "<group>";
		};
		CDC9492822DEA9EC00E25EBD /* Controllers */ = {
			isa = PBXGroup;
			children = (
				CD8F1B4822DD5A2E0067C5F3 /* TodoListViewController.swift */,
				CD76010522E13CAD00545447 /* CategoryViewController.swift */,
				CD95551622E937F9008F207B /* SwipeTableViewController.swift */,
			);
			path = Controllers;
			sourceTree = "<group>";
		};
		CDC9492922DEA9FF00E25EBD /* Views */ = {
			isa = PBXGroup;
			children = (
				CD8F1B4A22DD5A2E0067C5F3 /* Main.storyboard */,
			);
			path = Views;
			sourceTree = "<group>";
		};
		CDC9492A22DEAA1200E25EBD /* Supporting Files */ = {
			isa = PBXGroup;
			children = (
				CD8F1B4D22DD5A2F0067C5F3 /* Assets.xcassets */,
				CD8F1B4F22DD5A2F0067C5F3 /* LaunchScreen.storyboard */,
			);
			path = "Supporting Files";
			sourceTree = "<group>";
		};
/* End PBXGroup section */

/* Begin PBXNativeTarget section */
		CD8F1B4222DD5A2E0067C5F3 /* Todoey */ = {
			isa = PBXNativeTarget;
			buildConfigurationList = CD8F1B5522DD5A2F0067C5F3 /* Build configuration list for PBXNativeTarget "Todoey" */;
			buildPhases = (
				0B32D8D9B89CB1C8D84F6242 /* [CP] Check Pods Manifest.lock */,
				CD8F1B3F22DD5A2E0067C5F3 /* Sources */,
				CD8F1B4022DD5A2E0067C5F3 /* Frameworks */,
				CD8F1B4122DD5A2E0067C5F3 /* Resources */,
				647B0371DF9891A3193BD960 /* [CP] Embed Pods Frameworks */,
			);
			buildRules = (
			);
			dependencies = (
			);
			name = Todoey;
			productName = Todoey;
			productReference = CD8F1B4322DD5A2E0067C5F3 /* Todoey.app */;
			productType = "com.apple.product-type.application";
		};
/* End PBXNativeTarget section */

/* Begin PBXProject section */
		CD8F1B3B22DD5A2E0067C5F3 /* Project object */ = {
			isa = PBXProject;
			attributes = {
				LastSwiftUpdateCheck = 1020;
				LastUpgradeCheck = 1020;
				ORGANIZATIONNAME = "Yiding He";
				TargetAttributes = {
					CD8F1B4222DD5A2E0067C5F3 = {
						CreatedOnToolsVersion = 10.2.1;
					};
				};
			};
			buildConfigurationList = CD8F1B3E22DD5A2E0067C5F3 /* Build configuration list for PBXProject "Todoey" */;
			compatibilityVersion = "Xcode 9.3";
			developmentRegion = en;
			hasScannedForEncodings = 0;
			knownRegions = (
				en,
				Base,
			);
			mainGroup = CD8F1B3A22DD5A2E0067C5F3;
			productRefGroup = CD8F1B4422DD5A2E0067C5F3 /* Products */;
			projectDirPath = "";
			projectRoot = "";
			targets = (
				CD8F1B4222DD5A2E0067C5F3 /* Todoey */,
			);
		};
/* End PBXProject section */

/* Begin PBXResourcesBuildPhase section */
		CD8F1B4122DD5A2E0067C5F3 /* Resources */ = {
			isa = PBXResourcesBuildPhase;
			buildActionMask = 2147483647;
			files = (
				CD8F1B5122DD5A2F0067C5F3 /* LaunchScreen.storyboard in Resources */,
				CD8F1B4E22DD5A2F0067C5F3 /* Assets.xcassets in Resources */,
				CD8F1B4C22DD5A2E0067C5F3 /* Main.storyboard in Resources */,
			);
			runOnlyForDeploymentPostprocessing = 0;
		};
/* End PBXResourcesBuildPhase section */

/* Begin PBXShellScriptBuildPhase section */
		0B32D8D9B89CB1C8D84F6242 /* [CP] Check Pods Manifest.lock */ = {
			isa = PBXShellScriptBuildPhase;
			buildActionMask = 2147483647;
			files = (
			);
			inputFileListPaths = (
			);
			inputPaths = (
				"${PODS_PODFILE_DIR_PATH}/Podfile.lock",
				"${PODS_ROOT}/Manifest.lock",
			);
			name = "[CP] Check Pods Manifest.lock";
			outputFileListPaths = (
			);
			outputPaths = (
				"$(DERIVED_FILE_DIR)/Pods-Todoey-checkManifestLockResult.txt",
			);
			runOnlyForDeploymentPostprocessing = 0;
			shellPath = /bin/sh;
			shellScript = "diff \"${PODS_PODFILE_DIR_PATH}/Podfile.lock\" \"${PODS_ROOT}/Manifest.lock\" > /dev/null\nif [ $? != 0 ] ; then\n    # print error to STDERR\n    echo \"error: The sandbox is not in sync with the Podfile.lock. Run 'pod install' or update your CocoaPods installation.\" >&2\n    exit 1\nfi\n# This output is used by Xcode 'outputs' to avoid re-running this script phase.\necho \"SUCCESS\" > \"${SCRIPT_OUTPUT_FILE_0}\"\n";
			showEnvVarsInLog = 0;
		};
		647B0371DF9891A3193BD960 /* [CP] Embed Pods Frameworks */ = {
			isa = PBXShellScriptBuildPhase;
			buildActionMask = 2147483647;
			files = (
			);
			inputFileListPaths = (
				"${PODS_ROOT}/Target Support Files/Pods-Todoey/Pods-Todoey-frameworks-${CONFIGURATION}-input-files.xcfilelist",
			);
			name = "[CP] Embed Pods Frameworks";
			outputFileListPaths = (
				"${PODS_ROOT}/Target Support Files/Pods-Todoey/Pods-Todoey-frameworks-${CONFIGURATION}-output-files.xcfilelist",
			);
			runOnlyForDeploymentPostprocessing = 0;
			shellPath = /bin/sh;
			shellScript = "\"${PODS_ROOT}/Target Support Files/Pods-Todoey/Pods-Todoey-frameworks.sh\"\n";
			showEnvVarsInLog = 0;
		};
/* End PBXShellScriptBuildPhase section */

/* Begin PBXSourcesBuildPhase section */
		CD8F1B3F22DD5A2E0067C5F3 /* Sources */ = {
			isa = PBXSourcesBuildPhase;
			buildActionMask = 2147483647;
			files = (
				CD76010622E13CAD00545447 /* CategoryViewController.swift in Sources */,
				CD891EFF22E68FAF0077A3C7 /* Category.swift in Sources */,
				CD8F1B4922DD5A2E0067C5F3 /* TodoListViewController.swift in Sources */,
				CD891F0322E6900F0077A3C7 /* Item.swift in Sources */,
				CD95551722E937F9008F207B /* SwipeTableViewController.swift in Sources */,
				CD8F1B4722DD5A2E0067C5F3 /* AppDelegate.swift in Sources */,
			);
			runOnlyForDeploymentPostprocessing = 0;
		};
/* End PBXSourcesBuildPhase section */

/* Begin PBXVariantGroup section */
		CD8F1B4A22DD5A2E0067C5F3 /* Main.storyboard */ = {
			isa = PBXVariantGroup;
			children = (
				CD8F1B4B22DD5A2E0067C5F3 /* Base */,
			);
			name = Main.storyboard;
			sourceTree = "<group>";
		};
		CD8F1B4F22DD5A2F0067C5F3 /* LaunchScreen.storyboard */ = {
			isa = PBXVariantGroup;
			children = (
				CD8F1B5022DD5A2F0067C5F3 /* Base */,
			);
			name = LaunchScreen.storyboard;
			sourceTree = "<group>";
		};
/* End PBXVariantGroup section */

/* Begin XCBuildConfiguration section */
		CD8F1B5322DD5A2F0067C5F3 /* Debug */ = {
			isa = XCBuildConfiguration;
			buildSettings = {
				ALWAYS_SEARCH_USER_PATHS = NO;
				CLANG_ANALYZER_NONNULL = YES;
				CLANG_ANALYZER_NUMBER_OBJECT_CONVERSION = YES_AGGRESSIVE;
				CLANG_CXX_LANGUAGE_STANDARD = "gnu++14";
				CLANG_CXX_LIBRARY = "libc++";
				CLANG_ENABLE_MODULES = YES;
				CLANG_ENABLE_OBJC_ARC = YES;
				CLANG_ENABLE_OBJC_WEAK = YES;
				CLANG_WARN_BLOCK_CAPTURE_AUTORELEASING = YES;
				CLANG_WARN_BOOL_CONVERSION = YES;
				CLANG_WARN_COMMA = YES;
				CLANG_WARN_CONSTANT_CONVERSION = YES;
				CLANG_WARN_DEPRECATED_OBJC_IMPLEMENTATIONS = YES;
				CLANG_WARN_DIRECT_OBJC_ISA_USAGE = YES_ERROR;
				CLANG_WARN_DOCUMENTATION_COMMENTS = YES;
				CLANG_WARN_EMPTY_BODY = YES;
				CLANG_WARN_ENUM_CONVERSION = YES;
				CLANG_WARN_INFINITE_RECURSION = YES;
				CLANG_WARN_INT_CONVERSION = YES;
				CLANG_WARN_NON_LITERAL_NULL_CONVERSION = YES;
				CLANG_WARN_OBJC_IMPLICIT_RETAIN_SELF = YES;
				CLANG_WARN_OBJC_LITERAL_CONVERSION = YES;
				CLANG_WARN_OBJC_ROOT_CLASS = YES_ERROR;
				CLANG_WARN_RANGE_LOOP_ANALYSIS = YES;
				CLANG_WARN_STRICT_PROTOTYPES = YES;
				CLANG_WARN_SUSPICIOUS_MOVE = YES;
				CLANG_WARN_UNGUARDED_AVAILABILITY = YES_AGGRESSIVE;
				CLANG_WARN_UNREACHABLE_CODE = YES;
				CLANG_WARN__DUPLICATE_METHOD_MATCH = YES;
				CODE_SIGN_IDENTITY = "iPhone Developer";
				COPY_PHASE_STRIP = NO;
				DEBUG_INFORMATION_FORMAT = dwarf;
				ENABLE_STRICT_OBJC_MSGSEND = YES;
				ENABLE_TESTABILITY = YES;
				GCC_C_LANGUAGE_STANDARD = gnu11;
				GCC_DYNAMIC_NO_PIC = NO;
				GCC_NO_COMMON_BLOCKS = YES;
				GCC_OPTIMIZATION_LEVEL = 0;
				GCC_PREPROCESSOR_DEFINITIONS = (
					"DEBUG=1",
					"$(inherited)",
				);
				GCC_WARN_64_TO_32_BIT_CONVERSION = YES;
				GCC_WARN_ABOUT_RETURN_TYPE = YES_ERROR;
				GCC_WARN_UNDECLARED_SELECTOR = YES;
				GCC_WARN_UNINITIALIZED_AUTOS = YES_AGGRESSIVE;
				GCC_WARN_UNUSED_FUNCTION = YES;
				GCC_WARN_UNUSED_VARIABLE = YES;
				IPHONEOS_DEPLOYMENT_TARGET = 12.2;
				MTL_ENABLE_DEBUG_INFO = INCLUDE_SOURCE;
				MTL_FAST_MATH = YES;
				ONLY_ACTIVE_ARCH = YES;
				SDKROOT = iphoneos;
				SWIFT_ACTIVE_COMPILATION_CONDITIONS = DEBUG;
				SWIFT_OPTIMIZATION_LEVEL = "-Onone";
			};
			name = Debug;
		};
		CD8F1B5422DD5A2F0067C5F3 /* Release */ = {
			isa = XCBuildConfiguration;
			buildSettings = {
				ALWAYS_SEARCH_USER_PATHS = NO;
				CLANG_ANALYZER_NONNULL = YES;
				CLANG_ANALYZER_NUMBER_OBJECT_CONVERSION = YES_AGGRESSIVE;
				CLANG_CXX_LANGUAGE_STANDARD = "gnu++14";
				CLANG_CXX_LIBRARY = "libc++";
				CLANG_ENABLE_MODULES = YES;
				CLANG_ENABLE_OBJC_ARC = YES;
				CLANG_ENABLE_OBJC_WEAK = YES;
				CLANG_WARN_BLOCK_CAPTURE_AUTORELEASING = YES;
				CLANG_WARN_BOOL_CONVERSION = YES;
				CLANG_WARN_COMMA = YES;
				CLANG_WARN_CONSTANT_CONVERSION = YES;
				CLANG_WARN_DEPRECATED_OBJC_IMPLEMENTATIONS = YES;
				CLANG_WARN_DIRECT_OBJC_ISA_USAGE = YES_ERROR;
				CLANG_WARN_DOCUMENTATION_COMMENTS = YES;
				CLANG_WARN_EMPTY_BODY = YES;
				CLANG_WARN_ENUM_CONVERSION = YES;
				CLANG_WARN_INFINITE_RECURSION = YES;
				CLANG_WARN_INT_CONVERSION = YES;
				CLANG_WARN_NON_LITERAL_NULL_CONVERSION = YES;
				CLANG_WARN_OBJC_IMPLICIT_RETAIN_SELF = YES;
				CLANG_WARN_OBJC_LITERAL_CONVERSION = YES;
				CLANG_WARN_OBJC_ROOT_CLASS = YES_ERROR;
				CLANG_WARN_RANGE_LOOP_ANALYSIS = YES;
				CLANG_WARN_STRICT_PROTOTYPES = YES;
				CLANG_WARN_SUSPICIOUS_MOVE = YES;
				CLANG_WARN_UNGUARDED_AVAILABILITY = YES_AGGRESSIVE;
				CLANG_WARN_UNREACHABLE_CODE = YES;
				CLANG_WARN__DUPLICATE_METHOD_MATCH = YES;
				CODE_SIGN_IDENTITY = "iPhone Developer";
				COPY_PHASE_STRIP = NO;
				DEBUG_INFORMATION_FORMAT = "dwarf-with-dsym";
				ENABLE_NS_ASSERTIONS = NO;
				ENABLE_STRICT_OBJC_MSGSEND = YES;
				GCC_C_LANGUAGE_STANDARD = gnu11;
				GCC_NO_COMMON_BLOCKS = YES;
				GCC_WARN_64_TO_32_BIT_CONVERSION = YES;
				GCC_WARN_ABOUT_RETURN_TYPE = YES_ERROR;
				GCC_WARN_UNDECLARED_SELECTOR = YES;
				GCC_WARN_UNINITIALIZED_AUTOS = YES_AGGRESSIVE;
				GCC_WARN_UNUSED_FUNCTION = YES;
				GCC_WARN_UNUSED_VARIABLE = YES;
				IPHONEOS_DEPLOYMENT_TARGET = 12.2;
				MTL_ENABLE_DEBUG_INFO = NO;
				MTL_FAST_MATH = YES;
				SDKROOT = iphoneos;
				SWIFT_COMPILATION_MODE = wholemodule;
				SWIFT_OPTIMIZATION_LEVEL = "-O";
				VALIDATE_PRODUCT = YES;
			};
			name = Release;
		};
		CD8F1B5622DD5A2F0067C5F3 /* Debug */ = {
			isa = XCBuildConfiguration;
			baseConfigurationReference = 53E9E35B9C83AA7FD27FBB90 /* Pods-Todoey.debug.xcconfig */;
			buildSettings = {
				ASSETCATALOG_COMPILER_APPICON_NAME = AppIcon;
				CODE_SIGN_STYLE = Automatic;
				DEVELOPMENT_TEAM = LP869G4TV4;
				INFOPLIST_FILE = Todoey/Info.plist;
				LD_RUNPATH_SEARCH_PATHS = (
					"$(inherited)",
					"@executable_path/Frameworks",
				);
				PRODUCT_BUNDLE_IDENTIFIER = com.yidinghe.Todoey;
				PRODUCT_NAME = "$(TARGET_NAME)";
				SWIFT_VERSION = 5.0;
				TARGETED_DEVICE_FAMILY = "1,2";
			};
			name = Debug;
		};
		CD8F1B5722DD5A2F0067C5F3 /* Release */ = {
			isa = XCBuildConfiguration;
			baseConfigurationReference = 72C19039418EC364828A157A /* Pods-Todoey.release.xcconfig */;
			buildSettings = {
				ASSETCATALOG_COMPILER_APPICON_NAME = AppIcon;
				CODE_SIGN_STYLE = Automatic;
				DEVELOPMENT_TEAM = LP869G4TV4;
				INFOPLIST_FILE = Todoey/Info.plist;
				LD_RUNPATH_SEARCH_PATHS = (
					"$(inherited)",
					"@executable_path/Frameworks",
				);
				PRODUCT_BUNDLE_IDENTIFIER = com.yidinghe.Todoey;
				PRODUCT_NAME = "$(TARGET_NAME)";
				SWIFT_VERSION = 5.0;
				TARGETED_DEVICE_FAMILY = "1,2";
			};
			name = Release;
		};
/* End XCBuildConfiguration section */

/* Begin XCConfigurationList section */
		CD8F1B3E22DD5A2E0067C5F3 /* Build configuration list for PBXProject "Todoey" */ = {
			isa = XCConfigurationList;
			buildConfigurations = (
				CD8F1B5322DD5A2F0067C5F3 /* Debug */,
				CD8F1B5422DD5A2F0067C5F3 /* Release */,
			);
			defaultConfigurationIsVisible = 0;
			defaultConfigurationName = Release;
		};
		CD8F1B5522DD5A2F0067C5F3 /* Build configuration list for PBXNativeTarget "Todoey" */ = {
			isa = XCConfigurationList;
			buildConfigurations = (
				CD8F1B5622DD5A2F0067C5F3 /* Debug */,
				CD8F1B5722DD5A2F0067C5F3 /* Release */,
			);
			defaultConfigurationIsVisible = 0;
			defaultConfigurationName = Release;
		};
/* End XCConfigurationList section */
	};
	rootObject = CD8F1B3B22DD5A2E0067C5F3 /* Project object */;
}
